
Microsoft Visual Studio Solution File, Format Version 12.00
# Visual Studio Version 17
VisualStudioVersion = 17.0.31903.59
MinimumVisualStudioVersion = 10.0.40219.1
Project("{9A19103F-16F7-4668-BE54-9A1E7A4F7556}") = "ReturnNotFound", "src\ReturnNotFound\ReturnNotFound\ReturnNotFound.csproj", "{53B556E9-983A-4D40-8CB6-5AAC00D649BB}"
EndProject
Project("{9A19103F-16F7-4668-BE54-9A1E7A4F7556}") = "ReturnNotFound.Client", "src\ReturnNotFound\ReturnNotFound.Client\ReturnNotFound.Client.csproj", "{711C2CC3-8A56-4BBF-8E7E-61744E04B747}"
EndProject
Global
	GlobalSection(SolutionConfigurationPlatforms) = preSolution
		Debug|Any CPU = Debug|Any CPU
		Release|Any CPU = Release|Any CPU
	EndGlobalSection
	GlobalSection(ProjectConfigurationPlatforms) = postSolution
		{53B556E9-983A-4D40-8CB6-5AAC00D649BB}.Debug|Any CPU.ActiveCfg = Debug|Any CPU
		{53B556E9-983A-4D40-8CB6-5AAC00D649BB}.Debug|Any CPU.Build.0 = Debug|Any CPU
		{53B556E9-983A-4D40-8CB6-5AAC00D649BB}.Release|Any CPU.ActiveCfg = Release|Any CPU
		{53B556E9-983A-4D40-8CB6-5AAC00D649BB}.Release|Any CPU.Build.0 = Release|Any CPU
		{711C2CC3-8A56-4BBF-8E7E-61744E04B747}.Debug|Any CPU.ActiveCfg = Debug|Any CPU
		{711C2CC3-8A56-4BBF-8E7E-61744E04B747}.Debug|Any CPU.Build.0 = Debug|Any CPU
		{711C2CC3-8A56-4BBF-8E7E-61744E04B747}.Release|Any CPU.ActiveCfg = Release|Any CPU
		{711C2CC3-8A56-4BBF-8E7E-61744E04B747}.Release|Any CPU.Build.0 = Release|Any CPU
	EndGlobalSection
	GlobalSection(SolutionProperties) = preSolution
		HideSolutionNode = FALSE
	EndGlobalSection
	GlobalSection(ExtensibilityGlobals) = postSolution
		SolutionGuid = {1F4EFE86-2C3E-4082-8F39-49298A897BC2}
	EndGlobalSection
EndGlobal
